# THIS IS AN AUTOGENERATED FILE. DO NOT EDIT THIS FILE DIRECTLY.
# yarn lockfile v1


"js-tokens@^3.0.0 || ^4.0.0":
  version "4.0.0"
  resolved "https://nexus.magicleap.blue/repository/npm-group/js-tokens/-/js-tokens-4.0.0.tgz#19203fb59991df98e3a287050d4647cdeaf32499"
  integrity sha512-RdJUflcE3cUzKiMqQgsCu06FPu9UdIJO0beYbPhHN4k6apgJtifcoCtT9bcxOpYBtpD2kCM6Sbzg4CausW/PKQ==

loose-envify@^1.1.0, loose-envify@^1.4.0:
  version "1.4.0"
  resolved "https://nexus.magicleap.blue/repository/npm-group/loose-envify/-/loose-envify-1.4.0.tgz#71ee51fa7be4caec1a63839f7e682d8132d30caf"
  integrity sha512-lyuxPGr/Wfhrlem2CL/UcnUc1zcqKAImBDzukY7Y5F/yQiNdko6+fRLevlw1HgMySw7f611UIY408EtxRSoK3Q==
  dependencies:
    js-tokens "^3.0.0 || ^4.0.0"

magic-script-components@2.0.2:
  version "2.0.2"
  resolved "https://nexus.magicleap.blue/repository/npm-group/magic-script-components/-/magic-script-components-2.0.2.tgz#5275e8a6853b2d8286cf286f2b03a511f026cfb4"
  integrity sha512-yfkBLAKdS9gAndZkFlZ9EyEBYUKmfySL/qWkmTJK2qM7A/YnRG4M8cr+y2u4j2xFBAqEkn14Tx6fyMoozIIsbw==
  dependencies:
    react "^16.9.0"
    react-reconciler "^0.21.0"

object-assign@^4.1.1:
  version "4.1.1"
  resolved "https://nexus.magicleap.blue/repository/npm-group/object-assign/-/object-assign-4.1.1.tgz#2109adc7965887cfc05cbbd442cac8bfbb360863"
  integrity sha1-IQmtx5ZYh8/AXLvUQsrIv7s2CGM=

prop-types@^15.6.2:
  version "15.7.2"
  resolved "https://nexus.magicleap.blue/repository/npm-group/prop-types/-/prop-types-15.7.2.tgz#52c41e75b8c87e72b9d9360e0206b99dcbffa6c5"
  integrity sha512-8QQikdH7//R2vurIJSutZ1smHYTcLpRWEOlHnzcWHmBYrOGUysKwSsrC89BCiFj3CbrfJ/nXFdJepOVrY1GCHQ==
  dependencies:
    loose-envify "^1.4.0"
    object-assign "^4.1.1"
    react-is "^16.8.1"

react-is@^16.8.1:
  version "16.12.0"
  resolved "https://nexus.magicleap.blue/repository/npm-group/react-is/-/react-is-16.12.0.tgz#2cc0fe0fba742d97fd527c42a13bec4eeb06241c"
  integrity sha512-rPCkf/mWBtKc97aLL9/txD8DZdemK0vkA3JMLShjlJB3Pj3s+lpf1KaBzMfQrAmhMQB0n1cU/SUGgKKBCe837Q==

react-reconciler@^0.21.0:
  version "0.21.0"
  resolved "https://nexus.magicleap.blue/repository/npm-group/react-reconciler/-/react-reconciler-0.21.0.tgz#8180342ab3c8295f860025a86d0a03742a294ea7"
  integrity sha512-h4Rl3L3O6G9V4Ff+F+tCXX8ElDVn0Psk/odT+NPWeA55Yk5G7+kHT8D+Q3yE+51C72LbrYcX6OfLmCZ/7Nx9cw==
  dependencies:
    loose-envify "^1.1.0"
    object-assign "^4.1.1"
    prop-types "^15.6.2"
    scheduler "^0.15.0"

react@^16.9.0:
  version "16.12.0"
  resolved "https://nexus.magicleap.blue/repository/npm-group/react/-/react-16.12.0.tgz#0c0a9c6a142429e3614834d5a778e18aa78a0b83"
  integrity sha512-fglqy3k5E+81pA8s+7K0/T3DBCF0ZDOher1elBFzF7O6arXJgzyu/FW+COxFvAWXJoJN9KIZbT2LXlukwphYTA==
  dependencies:
    loose-envify "^1.1.0"
    object-assign "^4.1.1"
    prop-types "^15.6.2"

scheduler@^0.15.0:
  version "0.15.0"
  resolved "https://nexus.magicleap.blue/repository/npm-group/scheduler/-/scheduler-0.15.0.tgz#6bfcf80ff850b280fed4aeecc6513bc0b4f17f8e"
  integrity sha512-xAefmSfN6jqAa7Kuq7LIJY0bwAPG3xlCj0HMEBQk1lxYiDKZscY2xJ5U/61ZTrYbmNQbXa+gc7czPkVo11tnCg==
  dependencies:
    loose-envify "^1.1.0"
    object-assign "^4.1.1"
